
Microsoft Visual Studio Solution File, Format Version 12.00
# Visual Studio 2015
Project("{FAE04EC0-301F-11D3-BF4B-00C04F79EFBC}") = "PianoAugmentedReality.CSharp", "PianoAugmentedReality.CSharp.csproj", "{C19A8F5D-70C4-3936-7D02-7F4432496979}"
EndProject
Project("{FAE04EC0-301F-11D3-BF4B-00C04F79EFBC}") = "PianoAugmentedReality.CSharp.Editor", "PianoAugmentedReality.CSharp.Editor.csproj", "{021B4DB1-805C-B7B5-CFCF-DBF11E2C6893}"
EndProject
Global
	GlobalSection(SolutionConfigurationPlatforms) = preSolution
		Debug|Any CPU = Debug|Any CPU
		Release|Any CPU = Release|Any CPU
	EndGlobalSection
	GlobalSection(ProjectConfigurationPlatforms) = postSolution
		{C19A8F5D-70C4-3936-7D02-7F4432496979}.Debug|Any CPU.ActiveCfg = Debug|Any CPU
		{C19A8F5D-70C4-3936-7D02-7F4432496979}.Debug|Any CPU.Build.0 = Debug|Any CPU
		{C19A8F5D-70C4-3936-7D02-7F4432496979}.Release|Any CPU.ActiveCfg = Release|Any CPU
		{C19A8F5D-70C4-3936-7D02-7F4432496979}.Release|Any CPU.Build.0 = Release|Any CPU
		{021B4DB1-805C-B7B5-CFCF-DBF11E2C6893}.Debug|Any CPU.ActiveCfg = Debug|Any CPU
		{021B4DB1-805C-B7B5-CFCF-DBF11E2C6893}.Debug|Any CPU.Build.0 = Debug|Any CPU
		{021B4DB1-805C-B7B5-CFCF-DBF11E2C6893}.Release|Any CPU.ActiveCfg = Release|Any CPU
		{021B4DB1-805C-B7B5-CFCF-DBF11E2C6893}.Release|Any CPU.Build.0 = Release|Any CPU
	EndGlobalSection
	GlobalSection(SolutionProperties) = preSolution
		HideSolutionNode = FALSE
	EndGlobalSection
EndGlobal
